
Microsoft Visual Studio Solution File, Format Version 12.00
# Visual Studio Version 16
VisualStudioVersion = 16.0.29709.97
MinimumVisualStudioVersion = 10.0.40219.1
Project("{8BC9CEB8-8B4A-11D0-8D11-00A0C91BC942}") = "cpp_learning", "cpp_learning.vcxproj", "{C89FA6C8-5A14-405B-9A78-CF60C08C0AD6}"
EndProject
Global
	GlobalSection(SolutionConfigurationPlatforms) = preSolution
		Debug|x64 = Debug|x64
		Debug|x86 = Debug|x86
		Release|x64 = Release|x64
		Release|x86 = Release|x86
	EndGlobalSection
	GlobalSection(ProjectConfigurationPlatforms) = postSolution
		{C89FA6C8-5A14-405B-9A78-CF60C08C0AD6}.Debug|x64.ActiveCfg = Debug|x64
		{C89FA6C8-5A14-405B-9A78-CF60C08C0AD6}.Debug|x64.Build.0 = Debug|x64
		{C89FA6C8-5A14-405B-9A78-CF60C08C0AD6}.Debug|x86.ActiveCfg = Debug|Win32
		{C89FA6C8-5A14-405B-9A78-CF60C08C0AD6}.Debug|x86.Build.0 = Debug|Win32
		{C89FA6C8-5A14-405B-9A78-CF60C08C0AD6}.Release|x64.ActiveCfg = Release|x64
		{C89FA6C8-5A14-405B-9A78-CF60C08C0AD6}.Release|x64.Build.0 = Release|x64
		{C89FA6C8-5A14-405B-9A78-CF60C08C0AD6}.Release|x86.ActiveCfg = Release|Win32
		{C89FA6C8-5A14-405B-9A78-CF60C08C0AD6}.Release|x86.Build.0 = Release|Win32
	EndGlobalSection
	GlobalSection(SolutionProperties) = preSolution
		HideSolutionNode = FALSE
	EndGlobalSection
	GlobalSection(ExtensibilityGlobals) = postSolution
		SolutionGuid = {045D1964-76FA-4E5B-A100-A7FE60519E6D}
	EndGlobalSection
EndGlobal
