<?xml version="1.0" encoding="utf-8"?>
<Project ToolsVersion="4.0" xmlns="http://schemas.microsoft.com/developer/msbuild/2003">
  <ItemGroup>
    <Filter Include="Source Files">
      <UniqueIdentifier>{4FC737F1-C7A5-4376-A066-2A32D752A2FF}</UniqueIdentifier>
      <Extensions>cpp;c;cc;cxx;def;odl;idl;hpj;bat;asm;asmx</Extensions>
    </Filter>
    <Filter Include="Header Files">
      <UniqueIdentifier>{93995380-89BD-4b04-88EB-625FBE52EBFB}</UniqueIdentifier>
      <Extensions>h;hh;hpp;hxx;hm;inl;inc;ipp;xsd</Extensions>
    </Filter>
    <Filter Include="Resource Files">
      <UniqueIdentifier>{67DA6AB6-F800-4c08-8B7A-83BB121AAD01}</UniqueIdentifier>
      <Extensions>rc;ico;cur;bmp;dlg;rc2;rct;bin;rgs;gif;jpg;jpeg;jpe;resx;tiff;tif;png;wav;mfcribbon-ms</Extensions>
    </Filter>
  </ItemGroup>
  <ItemGroup>
    <ClInclude Include="libs\mint.h">
      <Filter>Header Files</Filter>
    </ClInclude>
    <ClInclude Include="libs\nutility.h">
      <Filter>Header Files</Filter>
    </ClInclude>
    <ClInclude Include="libs\SmartPtr.h">
      <Filter>Header Files</Filter>
    </ClInclude>
    <ClInclude Include="libs\vcat.h">
      <Filter>Header Files</Filter>
    </ClInclude>
    <ClInclude Include="odevler\Date.h">
      <Filter>Header Files</Filter>
    </ClInclude>
    <ClInclude Include="odevler\Date_Test.h">
      <Filter>Header Files</Filter>
    </ClInclude>
    <ClInclude Include="odevler\String.h">
      <Filter>Header Files</Filter>
    </ClInclude>
  </ItemGroup>
  <ItemGroup>
    <ClCompile Include="libs\nutility.cpp">
      <Filter>Source Files</Filter>
    </ClCompile>
    <ClCompile Include="odevler\Date.cpp">
      <Filter>Source Files</Filter>
    </ClCompile>
    <ClCompile Include="odevler\Date_Test.cpp">
      <Filter>Source Files</Filter>
    </ClCompile>
    <ClCompile Include="libs\mint.cpp">
      <Filter>Source Files</Filter>
    </ClCompile>
    <ClCompile Include="cLang.c">
      <Filter>Source Files</Filter>
    </ClCompile>
    <ClCompile Include="main.cpp">
      <Filter>Source Files</Filter>
    </ClCompile>
  </ItemGroup>
  <ItemGroup>
    <None Include="odevler\basic_01.md" />
    <None Include="odevler\c_04.md" />
    <None Include="odevler\fo_01.md" />
    <None Include="odevler\fo_12.md" />
    <None Include="odevler\td_03.md" />
    <None Include="odevler\td_04.md" />
  </ItemGroup>
  <ItemGroup>
    <Text Include="notlar\_checkpoint.txt" />
    <Text Include="notlar\not1.txt" />
    <Text Include="notlar\not2.txt" />
    <Text Include="notlar\not3.txt" />
    <Text Include="notlar\not4.txt" />
    <Text Include="notlar\not5.txt" />
    <Text Include="notlar\not6.txt" />
    <Text Include="notlar\not7.txt" />
    <Text Include="notlar\not8.txt" />
    <Text Include="notlar\not9.txt" />
    <Text Include="notlar\not10.txt" />
    <Text Include="notlar\not11.txt" />
    <Text Include="notlar\not12.txt" />
    <Text Include="notlar\not13.txt" />
    <Text Include="notlar\not14.txt" />
    <Text Include="notlar\not15.txt" />
    <Text Include="notlar\not16.txt" />
    <Text Include="notlar\not17.txt" />
    <Text Include="notlar\not18.txt" />
    <Text Include="notlar\not19.txt" />
    <Text Include="notlar\not20.txt" />
    <Text Include="notlar\not21.txt" />
    <Text Include="notlar\not22.txt" />
    <Text Include="notlar\not23.txt" />
    <Text Include="notlar\not24.txt" />
    <Text Include="notlar\not25.txt" />
    <Text Include="notlar\taslak.txt" />
  </ItemGroup>
</Project>